
Microsoft Visual Studio Solution File, Format Version 10.00
# Visual Studio 2008
Project("{FAE04EC0-301F-11D3-BF4B-00C04F79EFBC}") = "CiTo", "CiTo.csproj", "{247EAF20-A9A9-4895-B2C2-083756987BE5}"
EndProject
Project("{FAE04EC0-301F-11D3-BF4B-00C04F79EFBC}") = "CiPad", "CiPad.csproj", "{706860A9-7545-4F7C-9A67-CF4DA81DDE03}"
EndProject
Global
	GlobalSection(SolutionConfigurationPlatforms) = preSolution
		Debug|Any CPU = Debug|Any CPU
		Release|Any CPU = Release|Any CPU
	EndGlobalSection
	GlobalSection(ProjectConfigurationPlatforms) = postSolution
		{247EAF20-A9A9-4895-B2C2-083756987BE5}.Debug|Any CPU.ActiveCfg = Debug|Any CPU
		{247EAF20-A9A9-4895-B2C2-083756987BE5}.Debug|Any CPU.Build.0 = Debug|Any CPU
		{247EAF20-A9A9-4895-B2C2-083756987BE5}.Release|Any CPU.ActiveCfg = Release|Any CPU
		{247EAF20-A9A9-4895-B2C2-083756987BE5}.Release|Any CPU.Build.0 = Release|Any CPU
		{706860A9-7545-4F7C-9A67-CF4DA81DDE03}.Debug|Any CPU.ActiveCfg = Debug|Any CPU
		{706860A9-7545-4F7C-9A67-CF4DA81DDE03}.Debug|Any CPU.Build.0 = Debug|Any CPU
		{706860A9-7545-4F7C-9A67-CF4DA81DDE03}.Release|Any CPU.ActiveCfg = Release|Any CPU
		{706860A9-7545-4F7C-9A67-CF4DA81DDE03}.Release|Any CPU.Build.0 = Release|Any CPU
	EndGlobalSection
	GlobalSection(SolutionProperties) = preSolution
		HideSolutionNode = FALSE
	EndGlobalSection
EndGlobal
